[[package]]
name = "ujson"
version = "4.2.0"
description = "Ultra fast JSON encoder and decoder for Python"
category = "main"
optional = false
python-versions = ">=3.6"

[metadata]
lock-version = "1.1"
python-versions = "^3.7"
content-hash = "ae445993ec9a52e0eea24ad8cfa9fa498d447dfe5aed9538f22f04130e188253"

[metadata.files]
ujson = [
    {file = "ujson-4.2.0-cp310-cp310-macosx_10_14_x86_64.whl", hash = "sha256:02f5a6acc5aa5b054c32bdccd17064c2cbd07c81b3a49449589a4552888f1961"},
    {file = "ujson-4.2.0-cp310-cp310-manylinux_2_17_aarch64.manylinux2014_aarch64.whl", hash = "sha256:e7c8cffd9e45248569fa576d19b043951a3edc67cbee3dca2a6b77e6998cb1ec"},
    {file = "ujson-4.2.0-cp310-cp310-manylinux_2_17_x86_64.manylinux2014_x86_64.whl", hash = "sha256:d0abc1526d32ebe2f2b6fefcf82b9ee8661da3f45ecac087beee6aeaa21b39ec"},
    {file = "ujson-4.2.0-cp310-cp310-manylinux_2_5_i686.manylinux1_i686.manylinux_2_17_i686.manylinux2014_i686.whl", hash = "sha256:26ebe3ac1e0d18d58e11dbf7cdd0459adcefd5c025ede99be7fceae47bd1bfc6"},
    {file = "ujson-4.2.0-cp310-cp310-musllinux_1_1_aarch64.whl", hash = "sha256:6e8c30186eaa4f982b9b56cad30b173b71aac9d6a393d97cbcbc4ca805e87943"},
    {file = "ujson-4.2.0-cp310-cp310-musllinux_1_1_x86_64.whl", hash = "sha256:0db1acd8dbbf120095ce4ab118585219066ea2860332df2385a435c585036cae"},
    {file = "ujson-4.2.0-cp310-cp310-win32.whl", hash = "sha256:68088596e237dcda862c1760d1feb2236a8cc36804507a9fcfaa3ed21442ff64"},
    {file = "ujson-4.2.0-cp310-cp310-win_amd64.whl", hash = "sha256:dd98d659365fb9271d9f9ba21160670ddfecb93deaec8a5350519a0ab3604654"},
    {file = "ujson-4.2.0-cp36-cp36m-macosx_10_14_x86_64.whl", hash = "sha256:42f8def3e44d880774f644b53b4701a46889a9506e3fdc191c314c9e2e9b2a38"},
    {file = "ujson-4.2.0-cp36-cp36m-manylinux_2_17_aarch64.manylinux2014_aarch64.whl", hash = "sha256:bc9e2e6933ecec17a7d351116f555caee84b798076a4c5276ab1e8654c83bd90"},
    {file = "ujson-4.2.0-cp36-cp36m-manylinux_2_17_x86_64.manylinux2014_x86_64.whl", hash = "sha256:adca402a97b8388c378d92c55b2bf4e8402baa5dfa059a85870a41e2f142a0d0"},
    {file = "ujson-4.2.0-cp36-cp36m-manylinux_2_5_i686.manylinux1_i686.manylinux_2_17_i686.manylinux2014_i686.whl", hash = "sha256:0076de81aadc287f025525969bbc1272703be92933e988e5663a76ec5863628f"},
    {file = "ujson-4.2.0-cp36-cp36m-musllinux_1_1_aarch64.whl", hash = "sha256:ff0ae4b1dc70c3362b04f4127e228b17e84946de611f85b32f565b990762deaf"},
    {file = "ujson-4.2.0-cp36-cp36m-musllinux_1_1_x86_64.whl", hash = "sha256:40235c3704ac7f29b24a7a785f856e1c45a567c8cd4b57a025f516733e358972"},
    {file = "ujson-4.2.0-cp36-cp36m-win32.whl", hash = "sha256:32f4340c8d6a34e7fa1f9447919ebd4b6256afef0965868d51ea3cdf0694a8f7"},
    {file = "ujson-4.2.0-cp36-cp36m-win_amd64.whl", hash = "sha256:bac42d0131740b6f1d2b6a15f770c1fef0db97d05aba8564f3c75bb59a9c91c7"},
    {file = "ujson-4.2.0-cp37-cp37m-macosx_10_14_x86_64.whl", hash = "sha256:0ebc82847938e417092fd463e593da39a280fd12585b998e435a2a45bb7a33f7"},
    {file = "ujson-4.2.0-cp37-cp37m-manylinux_2_17_aarch64.manylinux2014_aarch64.whl", hash = "sha256:6bccfff9910fbe3dae6a17ec080c48fca0bfe939b18e4b2622122109d4d2570d"},
    {file = "ujson-4.2.0-cp37-cp37m-manylinux_2_17_x86_64.manylinux2014_x86_64.whl", hash = "sha256:8ec19982b7a40fb526b8ffd6edfff2c5c10556a54416d554c4bc83b1e4140a4c"},
    {file = "ujson-4.2.0-cp37-cp37m-manylinux_2_5_i686.manylinux1_i686.manylinux_2_17_i686.manylinux2014_i686.whl", hash = "sha256:3697cae44a92c2264cf307d4cdd9ea436faa75a009d35a4097362a6bbf221a1b"},
    {file = "ujson-4.2.0-cp37-cp37m-musllinux_1_1_aarch64.whl", hash = "sha256:b55dde52028f3c426197b9a928618fbb2b548172eb45824ddb19cdcdf8e493f9"},
    {file = "ujson-4.2.0-cp37-cp37m-musllinux_1_1_x86_64.whl", hash = "sha256:d9a0252da73d8b69de60811252cbfde215d76ee6eea935a519e223353352026c"},
    {file = "ujson-4.2.0-cp37-cp37m-win32.whl", hash = "sha256:a6e27ff0f92c719de004b806d84f471fff0157679e57517092b8f89345eb3a79"},
    {file = "ujson-4.2.0-cp37-cp37m-win_amd64.whl", hash = "sha256:50f413177206373b3568dff28c091b2d8c9145e5e54b0a524d3823293d7a29b8"},
    {file = "ujson-4.2.0-cp38-cp38-macosx_10_14_x86_64.whl", hash = "sha256:944dfdfae0cb4e4274a23e5070be913f7ff8f05666d8d143f2356cf873f9a77a"},
    {file = "ujson-4.2.0-cp38-cp38-manylinux_2_17_aarch64.manylinux2014_aarch64.whl", hash = "sha256:50ddff58727cc4f90ade4c818884c4f0fbeeb1f78f764ab2b2bc89cf1f4db126"},
    {file = "ujson-4.2.0-cp38-cp38-manylinux_2_17_x86_64.manylinux2014_x86_64.whl", hash = "sha256:78f8da27231b20d589319f743bd65011862691c102922be85c9f27e40656a0f7"},
    {file = "ujson-4.2.0-cp38-cp38-manylinux_2_5_i686.manylinux1_i686.manylinux_2_17_i686.manylinux2014_i686.whl", hash = "sha256:99322e08e53580867c9909637747343354b7028a8208dc5df3d09233c8f52c30"},
    {file = "ujson-4.2.0-cp38-cp38-musllinux_1_1_aarch64.whl", hash = "sha256:5f863b12d27867b733d380a9878fc8c3ad11d3aea8a3650c33e7a8c2a888e1eb"},
    {file = "ujson-4.2.0-cp38-cp38-musllinux_1_1_x86_64.whl", hash = "sha256:c53653a12f6ce67b12e7806c190cce1db09c75de31212a5a9adbdbd7a2aba116"},
    {file = "ujson-4.2.0-cp38-cp38-win32.whl", hash = "sha256:c9723a5e2743ded9bc6106cb04f86244dd779ad847d8ac189cfe808ab16946c1"},
    {file = "ujson-4.2.0-cp38-cp38-win_amd64.whl", hash = "sha256:fae1e251d9f9362ebc4adbbb252d0f4a023f66f180390624826fcb1812b808e9"},
    {file = "ujson-4.2.0-cp39-cp39-macosx_10_14_x86_64.whl", hash = "sha256:ab70a29914fc202f7c8f6353bb0622b91f878e2892e57a4c7293b341d5a85133"},
    {file = "ujson-4.2.0-cp39-cp39-manylinux_2_17_aarch64.manylinux2014_aarch64.whl", hash = "sha256:cf272e6302c62a42ed0125efcc1d891dd909bcfb3c6aa075d89de209b2b8e930"},
    {file = "ujson-4.2.0-cp39-cp39-manylinux_2_17_x86_64.manylinux2014_x86_64.whl", hash = "sha256:6182898d7031d083017f9be47c6d57f9c2155d9f4391b77ed6c020cab8e5a471"},
    {file = "ujson-4.2.0-cp39-cp39-manylinux_2_5_i686.manylinux1_i686.manylinux_2_17_i686.manylinux2014_i686.whl", hash = "sha256:5a885675252e041e19cb92ff76419251fdd1ab4c2ca9766cb3ecfa6ae07884d2"},
    {file = "ujson-4.2.0-cp39-cp39-musllinux_1_1_aarch64.whl", hash = "sha256:535f1e5b336f7a0573da59bd9352e9cc6a93185bf4b1d96fb3379e07b4fc619a"},
    {file = "ujson-4.2.0-cp39-cp39-musllinux_1_1_x86_64.whl", hash = "sha256:26e299caa9bfc2e532e16de38de2af48cde48258922cda5efc0dd447d42692fc"},
    {file = "ujson-4.2.0-cp39-cp39-win32.whl", hash = "sha256:fa68b25c987b73fb1c83ece34e52856c2c6da3031384f72638696c56fa8baca9"},
    {file = "ujson-4.2.0-cp39-cp39-win_amd64.whl", hash = "sha256:c7b2643b063f33e5e0d539cf2811793a7df9da525e63483f70c9262a343bd59d"},
    {file = "ujson-4.2.0-pp37-pypy37_pp73-manylinux_2_17_aarch64.manylinux2014_aarch64.whl", hash = "sha256:0d61ae7a505105a16220a4282dbd552bef76968203e5e4f5edfdbb03d3159e3a"},
    {file = "ujson-4.2.0-pp37-pypy37_pp73-manylinux_2_17_x86_64.manylinux2014_x86_64.whl", hash = "sha256:bff484c162bd77877bc9ae6333b0a684493037ce3c5d8b664e8339becf9ad139"},
    {file = "ujson-4.2.0-pp37-pypy37_pp73-manylinux_2_5_i686.manylinux1_i686.manylinux_2_17_i686.manylinux2014_i686.whl", hash = "sha256:74961587e9c1682d3e04fe29e02b67ec9c88cb0c3406ad94cc617d04c6fa6db2"},
    {file = "ujson-4.2.0.tar.gz", hash = "sha256:fffe509f556861c7343c6cba57ed05fe7bcf4b48a934a5b946ccb45428cf8883"},
]
